<Solution>
  <Configurations>
    <Platform Name="ARM64" />
    <Platform Name="x64" />
    <Platform Name="x86" />
  </Configurations>
  <Project Path="VistaForge.Core/VistaForge.Core.csproj" />
  <Project Path="VistaForge.SDK/VistaForge.SDK.csproj" />
  <Project Path="VistaForge.Widgets/VistaForge.Widgets.csproj" />
  <Project Path="VistaForge/VistaForge.App.csproj">
    <Platform Solution="*|ARM64" Project="ARM64" />
    <Platform Solution="*|x64" Project="x64" />
    <Platform Solution="*|x86" Project="x86" />
    <Deploy />
  </Project>
</Solution>
